
Microsoft Visual Studio Solution File, Format Version 12.00
# Visual Studio 15
VisualStudioVersion = 15.0.28010.2026
MinimumVisualStudioVersion = 10.0.40219.1
Project("{FAE04EC0-301F-11D3-BF4B-00C04F79EFBC}") = "OOP_PROJECT(tinood)", "OOP_PROJECT(tinood)\OOP_PROJECT(tinood).csproj", "{8B69E736-6E35-47DE-9F26-C75E3D35F09B}"
EndProject
Global
	GlobalSection(SolutionConfigurationPlatforms) = preSolution
		Debug|Any CPU = Debug|Any CPU
		Release|Any CPU = Release|Any CPU
	EndGlobalSection
	GlobalSection(ProjectConfigurationPlatforms) = postSolution
		{8B69E736-6E35-47DE-9F26-C75E3D35F09B}.Debug|Any CPU.ActiveCfg = Debug|Any CPU
		{8B69E736-6E35-47DE-9F26-C75E3D35F09B}.Debug|Any CPU.Build.0 = Debug|Any CPU
		{8B69E736-6E35-47DE-9F26-C75E3D35F09B}.Release|Any CPU.ActiveCfg = Release|Any CPU
		{8B69E736-6E35-47DE-9F26-C75E3D35F09B}.Release|Any CPU.Build.0 = Release|Any CPU
	EndGlobalSection
	GlobalSection(SolutionProperties) = preSolution
		HideSolutionNode = FALSE
	EndGlobalSection
	GlobalSection(ExtensibilityGlobals) = postSolution
		SolutionGuid = {1E844AC4-0B3A-4F04-9751-B45136367253}
	EndGlobalSection
EndGlobal
